github.com/kellen-miller/franz-go v0.1.0 h1:HniJUwFQHzEB/t/E2q8RwRqXtCfTYXfGpe4eyb/pnJc=
github.com/kellen-miller/franz-go v0.1.0/go.mod h1:05lVQ3NgAQVZN/ccSSnPnJ4qrMu3OWgCEwfbDuZFxuQ=
github.com/kellen-miller/franz-go/pkg/kmsg v0.0.0-20250317164647-23ab80b2d71a h1:3v27zRcvs6M4XnYVErgX5d1meF5EPeZPLFE/hF0l3f8=
github.com/kellen-miller/franz-go/pkg/kmsg v0.0.0-20250317164647-23ab80b2d71a/go.mod h1:Gc66CpZrO7/VSuO1//AIF5f86abXka01NiVhlLx2uqo=
github.com/klauspost/compress v1.17.11 h1:In6xLpyWOi1+C7tXUUWv2ot1QvBjxevKAaI6IXrJmUc=
github.com/klauspost/compress v1.17.11/go.mod h1:pMDklpSncoRMuLFrf1W9Ss9KT+0rH90U12bZKk7uwG0=
github.com/pierrec/lz4/v4 v4.1.22 h1:cKFw6uJDK+/gfw5BcDL0JL5aBsAFdsIT18eRtLj7VIU=
github.com/pierrec/lz4/v4 v4.1.22/go.mod h1:gZWDp/Ze/IJXGXf23ltt2EXimqmTUXEy0GFuRQyBid4=
golang.org/x/crypto v0.32.0 h1:euUpcYgM8WcP71gNpTqQCn6rC2t6ULUPiOzfWaXVVfc=
golang.org/x/crypto v0.32.0/go.mod h1:ZnnJkOaASj8g0AjIduWNlq2NRxL0PlBrbKVyZ6V/Ugc=
